
Microsoft Visual Studio Solution File, Format Version 12.00
# Visual Studio Version 17
VisualStudioVersion = 17.6.33815.320
MinimumVisualStudioVersion = 10.0.40219.1
Project("{FAE04EC0-301F-11D3-BF4B-00C04F79EFBC}") = "OOPs", "OOPs.csproj", "{6F9B3381-9C84-4440-8947-2138FF344840}"
EndProject
Global
	GlobalSection(SolutionConfigurationPlatforms) = preSolution
		Debug|Any CPU = Debug|Any CPU
		Release|Any CPU = Release|Any CPU
	EndGlobalSection
	GlobalSection(ProjectConfigurationPlatforms) = postSolution
		{6F9B3381-9C84-4440-8947-2138FF344840}.Debug|Any CPU.ActiveCfg = Debug|Any CPU
		{6F9B3381-9C84-4440-8947-2138FF344840}.Debug|Any CPU.Build.0 = Debug|Any CPU
		{6F9B3381-9C84-4440-8947-2138FF344840}.Release|Any CPU.ActiveCfg = Release|Any CPU
		{6F9B3381-9C84-4440-8947-2138FF344840}.Release|Any CPU.Build.0 = Release|Any CPU
	EndGlobalSection
	GlobalSection(SolutionProperties) = preSolution
		HideSolutionNode = FALSE
	EndGlobalSection
	GlobalSection(ExtensibilityGlobals) = postSolution
		SolutionGuid = {7F34C9D6-6E96-4439-BE20-40EC2D91FC45}
	EndGlobalSection
EndGlobal
